
Microsoft Visual Studio Solution File, Format Version 12.00
# Visual Studio Version 16
VisualStudioVersion = 16.0.29806.167
MinimumVisualStudioVersion = 10.0.40219.1
Project("{2150E333-8FDC-42A3-9474-1A3956D46DE8}") = "Solution Items", "Solution Items", "{4B926891-DAB0-4792-AB7B-E1A0C001843A}"
	ProjectSection(SolutionItems) = preProject
		Directory.Build.props = Directory.Build.props
		Directory.Build.rsp = Directory.Build.rsp
		Directory.Build.targets = Directory.Build.targets
		global.json = global.json
		NuGet.Config = NuGet.Config
	EndProjectSection
EndProject
Project("{9A19103F-16F7-4668-BE54-9A1E7A4F7556}") = "Abc", "src\Abc\Abc.csproj", "{246C31A1-2F0B-4825-A3D6-8812D58A16D0}"
EndProject
Project("{9A19103F-16F7-4668-BE54-9A1E7A4F7556}") = "play", "src\play\play.csproj", "{90C17FC2-56F6-4BE2-9584-7EF329E635B0}"
EndProject
Project("{9A19103F-16F7-4668-BE54-9A1E7A4F7556}") = "Abc.Utilities", "src\Abc.Utilities\Abc.Utilities.csproj", "{5E0084D5-231F-4C13-AB70-DCE13AF3F66A}"
EndProject
Project("{9A19103F-16F7-4668-BE54-9A1E7A4F7556}") = "Abc.Utilities.Tests", "test\Abc.Utilities.Tests\Abc.Utilities.Tests.csproj", "{F59C882C-8F8F-4617-A81A-766BE9EB5B80}"
EndProject
Project("{2150E333-8FDC-42A3-9474-1A3956D46DE8}") = "test", "test", "{EDC1C313-BB31-4F35-B34B-A3DE0D94C0BF}"
	ProjectSection(SolutionItems) = preProject
		test\Directory.Build.targets = test\Directory.Build.targets
		test\test-debug.runsettings = test\test-debug.runsettings
		test\xunit.runner.json = test\xunit.runner.json
	EndProjectSection
EndProject
Project("{9A19103F-16F7-4668-BE54-9A1E7A4F7556}") = "Abc.Tests", "test\Abc.Tests\Abc.Tests.csproj", "{0AC39E7A-0CBB-4B6C-B269-33DB05A4105B}"
EndProject
Project("{2150E333-8FDC-42A3-9474-1A3956D46DE8}") = "src", "src", "{E1D42DE7-B953-46DC-9B21-637E018042E2}"
	ProjectSection(SolutionItems) = preProject
		src\Abc.Testing.Sources.nuspec = src\Abc.Testing.Sources.nuspec
		src\Abc.Utilities.Sources.nuspec = src\Abc.Utilities.Sources.nuspec
		src\AssemblyInfo.Common.cs = src\AssemblyInfo.Common.cs
		src\Directory.Build.targets = src\Directory.Build.targets
	EndProjectSection
EndProject
Project("{2150E333-8FDC-42A3-9474-1A3956D46DE8}") = "eng", "eng", "{179F2796-B5A4-4D4E-955D-00231777E72D}"
	ProjectSection(SolutionItems) = preProject
		eng\asm.ps1 = eng\asm.ps1
		eng\common.ps1 = eng\common.ps1
		eng\make-abc.ps1 = eng\make-abc.ps1
		eng\make-abc.testing.ps1 = eng\make-abc.testing.ps1
		eng\make-abc.utilities.ps1 = eng\make-abc.utilities.ps1
		eng\reset.ps1 = eng\reset.ps1
	EndProjectSection
EndProject
Project("{9A19103F-16F7-4668-BE54-9A1E7A4F7556}") = "Abc.Testing", "src\Abc.Testing\Abc.Testing.csproj", "{DBD572AD-B11E-4BCD-836D-43FDDBBAEF37}"
EndProject
Project("{2150E333-8FDC-42A3-9474-1A3956D46DE8}") = ".github", ".github", "{31C8E809-960A-411F-BE93-DF25E6331213}"
EndProject
Project("{2150E333-8FDC-42A3-9474-1A3956D46DE8}") = ".config", ".config", "{66489418-D0DA-4022-9D27-5B7AD40B80B3}"
	ProjectSection(SolutionItems) = preProject
		.config\dotnet-tools.json = .config\dotnet-tools.json
	EndProjectSection
EndProject
Project("{2150E333-8FDC-42A3-9474-1A3956D46DE8}") = "workflows", "workflows", "{42EB31B5-8E9A-4380-B826-225CA69442CC}"
	ProjectSection(SolutionItems) = preProject
		.github\workflows\tests.yml = .github\workflows\tests.yml
	EndProjectSection
EndProject
Global
	GlobalSection(SolutionConfigurationPlatforms) = preSolution
		Debug|Any CPU = Debug|Any CPU
		Release|Any CPU = Release|Any CPU
	EndGlobalSection
	GlobalSection(ProjectConfigurationPlatforms) = postSolution
		{246C31A1-2F0B-4825-A3D6-8812D58A16D0}.Debug|Any CPU.ActiveCfg = Debug|Any CPU
		{246C31A1-2F0B-4825-A3D6-8812D58A16D0}.Debug|Any CPU.Build.0 = Debug|Any CPU
		{246C31A1-2F0B-4825-A3D6-8812D58A16D0}.Release|Any CPU.ActiveCfg = Release|Any CPU
		{246C31A1-2F0B-4825-A3D6-8812D58A16D0}.Release|Any CPU.Build.0 = Release|Any CPU
		{90C17FC2-56F6-4BE2-9584-7EF329E635B0}.Debug|Any CPU.ActiveCfg = Debug|Any CPU
		{90C17FC2-56F6-4BE2-9584-7EF329E635B0}.Debug|Any CPU.Build.0 = Debug|Any CPU
		{90C17FC2-56F6-4BE2-9584-7EF329E635B0}.Release|Any CPU.ActiveCfg = Release|Any CPU
		{90C17FC2-56F6-4BE2-9584-7EF329E635B0}.Release|Any CPU.Build.0 = Release|Any CPU
		{5E0084D5-231F-4C13-AB70-DCE13AF3F66A}.Debug|Any CPU.ActiveCfg = Debug|Any CPU
		{5E0084D5-231F-4C13-AB70-DCE13AF3F66A}.Debug|Any CPU.Build.0 = Debug|Any CPU
		{5E0084D5-231F-4C13-AB70-DCE13AF3F66A}.Release|Any CPU.ActiveCfg = Release|Any CPU
		{5E0084D5-231F-4C13-AB70-DCE13AF3F66A}.Release|Any CPU.Build.0 = Release|Any CPU
		{F59C882C-8F8F-4617-A81A-766BE9EB5B80}.Debug|Any CPU.ActiveCfg = Debug|Any CPU
		{F59C882C-8F8F-4617-A81A-766BE9EB5B80}.Debug|Any CPU.Build.0 = Debug|Any CPU
		{F59C882C-8F8F-4617-A81A-766BE9EB5B80}.Release|Any CPU.ActiveCfg = Release|Any CPU
		{F59C882C-8F8F-4617-A81A-766BE9EB5B80}.Release|Any CPU.Build.0 = Release|Any CPU
		{0AC39E7A-0CBB-4B6C-B269-33DB05A4105B}.Debug|Any CPU.ActiveCfg = Debug|Any CPU
		{0AC39E7A-0CBB-4B6C-B269-33DB05A4105B}.Debug|Any CPU.Build.0 = Debug|Any CPU
		{0AC39E7A-0CBB-4B6C-B269-33DB05A4105B}.Release|Any CPU.ActiveCfg = Release|Any CPU
		{0AC39E7A-0CBB-4B6C-B269-33DB05A4105B}.Release|Any CPU.Build.0 = Release|Any CPU
		{DBD572AD-B11E-4BCD-836D-43FDDBBAEF37}.Debug|Any CPU.ActiveCfg = Debug|Any CPU
		{DBD572AD-B11E-4BCD-836D-43FDDBBAEF37}.Debug|Any CPU.Build.0 = Debug|Any CPU
		{DBD572AD-B11E-4BCD-836D-43FDDBBAEF37}.Release|Any CPU.ActiveCfg = Release|Any CPU
		{DBD572AD-B11E-4BCD-836D-43FDDBBAEF37}.Release|Any CPU.Build.0 = Release|Any CPU
	EndGlobalSection
	GlobalSection(SolutionProperties) = preSolution
		HideSolutionNode = FALSE
	EndGlobalSection
	GlobalSection(NestedProjects) = preSolution
		{246C31A1-2F0B-4825-A3D6-8812D58A16D0} = {E1D42DE7-B953-46DC-9B21-637E018042E2}
		{90C17FC2-56F6-4BE2-9584-7EF329E635B0} = {E1D42DE7-B953-46DC-9B21-637E018042E2}
		{5E0084D5-231F-4C13-AB70-DCE13AF3F66A} = {E1D42DE7-B953-46DC-9B21-637E018042E2}
		{F59C882C-8F8F-4617-A81A-766BE9EB5B80} = {EDC1C313-BB31-4F35-B34B-A3DE0D94C0BF}
		{0AC39E7A-0CBB-4B6C-B269-33DB05A4105B} = {EDC1C313-BB31-4F35-B34B-A3DE0D94C0BF}
		{179F2796-B5A4-4D4E-955D-00231777E72D} = {4B926891-DAB0-4792-AB7B-E1A0C001843A}
		{DBD572AD-B11E-4BCD-836D-43FDDBBAEF37} = {E1D42DE7-B953-46DC-9B21-637E018042E2}
		{31C8E809-960A-411F-BE93-DF25E6331213} = {4B926891-DAB0-4792-AB7B-E1A0C001843A}
		{66489418-D0DA-4022-9D27-5B7AD40B80B3} = {4B926891-DAB0-4792-AB7B-E1A0C001843A}
		{42EB31B5-8E9A-4380-B826-225CA69442CC} = {31C8E809-960A-411F-BE93-DF25E6331213}
	EndGlobalSection
	GlobalSection(ExtensibilityGlobals) = postSolution
		SolutionGuid = {1739E5AC-504C-40F8-968B-64F1F620D3C3}
	EndGlobalSection
EndGlobal
